PODS:
  - Alamofire (4.4.0)
  - CocoaLumberjack/Core (3.0.0)
  - CocoaLumberjack/Default (3.0.0):
    - CocoaLumberjack/Core
  - CocoaLumberjack/Extensions (3.0.0):
    - CocoaLumberjack/Default
  - CocoaLumberjack/Swift (3.0.0):
    - CocoaLumberjack/Extensions
  - CryptoSwift (0.6.8)
  - libwebp (0.5.1):
    - libwebp/core (= 0.5.1)
    - libwebp/dec (= 0.5.1)
    - libwebp/demux (= 0.5.1)
    - libwebp/dsp (= 0.5.1)
    - libwebp/enc (= 0.5.1)
    - libwebp/mux (= 0.5.1)
    - libwebp/utils (= 0.5.1)
    - libwebp/webp (= 0.5.1)
  - libwebp/core (0.5.1):
    - libwebp/webp
  - libwebp/dec (0.5.1):
    - libwebp/core
  - libwebp/demux (0.5.1):
    - libwebp/core
  - libwebp/dsp (0.5.1):
    - libwebp/core
  - libwebp/enc (0.5.1):
    - libwebp/core
  - libwebp/mux (0.5.1):
    - libwebp/core
  - libwebp/utils (0.5.1):
    - libwebp/core
  - libwebp/webp (0.5.1)
  - Mockingjay (2.0.0):
    - Mockingjay/Core (= 2.0.0)
    - Mockingjay/XCTest (= 2.0.0)
  - Mockingjay/Core (2.0.0):
    - URITemplate (~> 2.0)
  - Mockingjay/XCTest (2.0.0):
    - Mockingjay/Core
  - Nimble (6.0.1)
  - Quick (1.1.0)
  - SDWebImage/Core (4.0.0)
  - SDWebImage/WebP (4.0.0):
    - libwebp
    - SDWebImage/Core
  - SwiftyJSON (3.1.4)
  - URITemplate (2.0.0)

DEPENDENCIES:
  - Alamofire (~> 4.3)
  - CocoaLumberjack/Swift (~> 3.0.0)
  - CryptoSwift
  - Mockingjay
  - Nimble
  - Quick
  - SDWebImage/WebP
  - SwiftyJSON

SPEC CHECKSUMS:
  Alamofire: dc44b1600b800eb63da6a19039a0083d62a6a62d
  CocoaLumberjack: c823149bccc5519a9447aeb433be7b1212a7d6a5
  CryptoSwift: f21ea03ed3a94e79d241648ce26652cd4810508a
  libwebp: b9126f8982a95370cf4eaad9bb3fefd57f052c15
  Mockingjay: 7122a3fc0597aa63438e4cd9b71b7bc8aac05b87
  Nimble: 1527fd1bd2b4cf0636251a36bc8ab37e81da8347
  Quick: dafc587e21eed9f4cab3249b9f9015b0b7a7f71d
  SDWebImage: 76a6348bdc74eb5a55dd08a091ef298e56b55e41
  SwiftyJSON: c2842d878f95482ffceec5709abc3d05680c0220
  URITemplate: a5acb3f76c6a2338116fde88b658d83f91bbac45

PODFILE CHECKSUM: 70f17a62e92d7e7e95779990f62bab7976b8c45b

COCOAPODS: 1.2.0
